
Microsoft Visual Studio Solution File, Format Version 12.00
Project("{2150E333-8FDC-42A3-9474-1A3956D46DE8}") = "src", "src", "{43DDE790-80D7-47C5-873E-1BCF314FC413}"
EndProject
Project("{FAE04EC0-301F-11D3-BF4B-00C04F79EFBC}") = "DigiDent.Domain", "src\DigiDent.Domain\DigiDent.Domain.csproj", "{B74E3EFA-14FC-4E6B-81B7-A9C5851B870F}"
EndProject
Project("{FAE04EC0-301F-11D3-BF4B-00C04F79EFBC}") = "DigiDent.Application", "src\DigiDent.Application\DigiDent.Application.csproj", "{92690A24-68E2-4D0F-913E-F96439D2BFCC}"
EndProject
Project("{FAE04EC0-301F-11D3-BF4B-00C04F79EFBC}") = "DigiDent.EFCorePersistence", "src\DigiDent.EFCorePersistence\DigiDent.EFCorePersistence.csproj", "{A852E29B-4B55-4EF2-8A8B-8D0004CBE63C}"
EndProject
Project("{FAE04EC0-301F-11D3-BF4B-00C04F79EFBC}") = "DigiDent.Infrastructure", "src\DigiDent.Infrastructure\DigiDent.Infrastructure.csproj", "{46DEB00C-780C-4AD2-8559-6DB1CC30692B}"
EndProject
Project("{FAE04EC0-301F-11D3-BF4B-00C04F79EFBC}") = "DigiDent.API", "src\DigiDent.API\DigiDent.API.csproj", "{46603860-D636-45DC-B1FB-3C076BEB9C83}"
EndProject
Project("{2150E333-8FDC-42A3-9474-1A3956D46DE8}") = "tests", "tests", "{3450F319-DF23-4147-B06F-E8F42AF18E98}"
EndProject
Project("{2150E333-8FDC-42A3-9474-1A3956D46DE8}") = "UnitTests", "UnitTests", "{C6CE84A2-F211-4EC9-B99F-F2978AC5F7F6}"
EndProject
Project("{FAE04EC0-301F-11D3-BF4B-00C04F79EFBC}") = "DigiDent.Domain.UnitTests", "tests\UnitTests\DigiDent.Domain.UnitTests\DigiDent.Domain.UnitTests.csproj", "{4244F3F1-50C9-4636-A649-F17F976B7F0D}"
EndProject
Global
	GlobalSection(SolutionConfigurationPlatforms) = preSolution
		Debug|Any CPU = Debug|Any CPU
		Release|Any CPU = Release|Any CPU
	EndGlobalSection
	GlobalSection(ProjectConfigurationPlatforms) = postSolution
		{B74E3EFA-14FC-4E6B-81B7-A9C5851B870F}.Debug|Any CPU.ActiveCfg = Debug|Any CPU
		{B74E3EFA-14FC-4E6B-81B7-A9C5851B870F}.Debug|Any CPU.Build.0 = Debug|Any CPU
		{B74E3EFA-14FC-4E6B-81B7-A9C5851B870F}.Release|Any CPU.ActiveCfg = Release|Any CPU
		{B74E3EFA-14FC-4E6B-81B7-A9C5851B870F}.Release|Any CPU.Build.0 = Release|Any CPU
		{92690A24-68E2-4D0F-913E-F96439D2BFCC}.Debug|Any CPU.ActiveCfg = Debug|Any CPU
		{92690A24-68E2-4D0F-913E-F96439D2BFCC}.Debug|Any CPU.Build.0 = Debug|Any CPU
		{92690A24-68E2-4D0F-913E-F96439D2BFCC}.Release|Any CPU.ActiveCfg = Release|Any CPU
		{92690A24-68E2-4D0F-913E-F96439D2BFCC}.Release|Any CPU.Build.0 = Release|Any CPU
		{A852E29B-4B55-4EF2-8A8B-8D0004CBE63C}.Debug|Any CPU.ActiveCfg = Debug|Any CPU
		{A852E29B-4B55-4EF2-8A8B-8D0004CBE63C}.Debug|Any CPU.Build.0 = Debug|Any CPU
		{A852E29B-4B55-4EF2-8A8B-8D0004CBE63C}.Release|Any CPU.ActiveCfg = Release|Any CPU
		{A852E29B-4B55-4EF2-8A8B-8D0004CBE63C}.Release|Any CPU.Build.0 = Release|Any CPU
		{46DEB00C-780C-4AD2-8559-6DB1CC30692B}.Debug|Any CPU.ActiveCfg = Debug|Any CPU
		{46DEB00C-780C-4AD2-8559-6DB1CC30692B}.Debug|Any CPU.Build.0 = Debug|Any CPU
		{46DEB00C-780C-4AD2-8559-6DB1CC30692B}.Release|Any CPU.ActiveCfg = Release|Any CPU
		{46DEB00C-780C-4AD2-8559-6DB1CC30692B}.Release|Any CPU.Build.0 = Release|Any CPU
		{46603860-D636-45DC-B1FB-3C076BEB9C83}.Debug|Any CPU.ActiveCfg = Debug|Any CPU
		{46603860-D636-45DC-B1FB-3C076BEB9C83}.Debug|Any CPU.Build.0 = Debug|Any CPU
		{46603860-D636-45DC-B1FB-3C076BEB9C83}.Release|Any CPU.ActiveCfg = Release|Any CPU
		{46603860-D636-45DC-B1FB-3C076BEB9C83}.Release|Any CPU.Build.0 = Release|Any CPU
		{4244F3F1-50C9-4636-A649-F17F976B7F0D}.Debug|Any CPU.ActiveCfg = Debug|Any CPU
		{4244F3F1-50C9-4636-A649-F17F976B7F0D}.Debug|Any CPU.Build.0 = Debug|Any CPU
		{4244F3F1-50C9-4636-A649-F17F976B7F0D}.Release|Any CPU.ActiveCfg = Release|Any CPU
		{4244F3F1-50C9-4636-A649-F17F976B7F0D}.Release|Any CPU.Build.0 = Release|Any CPU
	EndGlobalSection
	GlobalSection(NestedProjects) = preSolution
		{B74E3EFA-14FC-4E6B-81B7-A9C5851B870F} = {43DDE790-80D7-47C5-873E-1BCF314FC413}
		{92690A24-68E2-4D0F-913E-F96439D2BFCC} = {43DDE790-80D7-47C5-873E-1BCF314FC413}
		{A852E29B-4B55-4EF2-8A8B-8D0004CBE63C} = {43DDE790-80D7-47C5-873E-1BCF314FC413}
		{46DEB00C-780C-4AD2-8559-6DB1CC30692B} = {43DDE790-80D7-47C5-873E-1BCF314FC413}
		{46603860-D636-45DC-B1FB-3C076BEB9C83} = {43DDE790-80D7-47C5-873E-1BCF314FC413}
		{C6CE84A2-F211-4EC9-B99F-F2978AC5F7F6} = {3450F319-DF23-4147-B06F-E8F42AF18E98}
		{4244F3F1-50C9-4636-A649-F17F976B7F0D} = {C6CE84A2-F211-4EC9-B99F-F2978AC5F7F6}
	EndGlobalSection
EndGlobal
