
Microsoft Visual Studio Solution File, Format Version 12.00
Project("{2150E333-8FDC-42A3-9474-1A3956D46DE8}") = "src", "src", "{43DDE790-80D7-47C5-873E-1BCF314FC413}"
EndProject
Project("{FAE04EC0-301F-11D3-BF4B-00C04F79EFBC}") = "DigiDent.Application", "src\DigiDent.Application\DigiDent.Application.csproj", "{92690A24-68E2-4D0F-913E-F96439D2BFCC}"
EndProject
Project("{2150E333-8FDC-42A3-9474-1A3956D46DE8}") = "Modules", "Modules", "{D5B03DDA-32F6-4D8B-9F12-F680C2C4101C}"
EndProject
Project("{2150E333-8FDC-42A3-9474-1A3956D46DE8}") = "UserAccess", "UserAccess", "{169B76D3-6E78-44D8-957B-2BDA009C9299}"
EndProject
Project("{2150E333-8FDC-42A3-9474-1A3956D46DE8}") = "ClinicManagement", "ClinicManagement", "{A600FED4-EDE7-47B3-AC8A-DAD8A7B4B17E}"
EndProject
Project("{2150E333-8FDC-42A3-9474-1A3956D46DE8}") = "Notification", "Notification", "{84BEDFF9-47D9-4923-8CF4-8DB50EAEE46E}"
EndProject
Project("{FAE04EC0-301F-11D3-BF4B-00C04F79EFBC}") = "DigiDent.UserAccess.Domain", "src\Modules\UserAccess\DigiDent.UserAccess.Domain\DigiDent.UserAccess.Domain.csproj", "{5B5FA28B-AE1B-49CD-A094-9199DE5908F2}"
EndProject
Project("{FAE04EC0-301F-11D3-BF4B-00C04F79EFBC}") = "DigiDent.UserAccess.EFCorePersistence", "src\Modules\UserAccess\DigiDent.UserAccess.EFCorePersistence\DigiDent.UserAccess.EFCorePersistence.csproj", "{F0F87DBA-B951-49A0-AC73-2B8F5C9E80B6}"
EndProject
Project("{FAE04EC0-301F-11D3-BF4B-00C04F79EFBC}") = "DigiDent.UserAccess.Application", "src\Modules\UserAccess\DigiDent.UserAccess.Application\DigiDent.UserAccess.Application.csproj", "{CEE34781-BCB6-412E-BCE9-B393BFA27E64}"
EndProject
Project("{FAE04EC0-301F-11D3-BF4B-00C04F79EFBC}") = "DigiDent.UserAccess.Infrastructure", "src\Modules\UserAccess\DigiDent.UserAccess.Infrastructure\DigiDent.UserAccess.Infrastructure.csproj", "{6647C443-A078-441A-BA34-48E7581D48A6}"
EndProject
Project("{FAE04EC0-301F-11D3-BF4B-00C04F79EFBC}") = "DigiDent.UserAccess.API", "src\Modules\UserAccess\DigiDent.UserAccess.API\DigiDent.UserAccess.API.csproj", "{4FB757FB-0B13-496B-9684-6E3D59AD92C1}"
EndProject
Project("{FAE04EC0-301F-11D3-BF4B-00C04F79EFBC}") = "DigiDent.ClinicManagement.Domain", "src\Modules\ClinicManagement\DigiDent.ClinicManagement.Domain\DigiDent.ClinicManagement.Domain.csproj", "{778CBBF1-9454-4898-9E5E-C2E2DB48CA80}"
EndProject
Project("{FAE04EC0-301F-11D3-BF4B-00C04F79EFBC}") = "DigiDent.ClinicManagement.EFCorePersistence", "src\Modules\ClinicManagement\DigiDent.ClinicManagement.EFCorePersistence\DigiDent.ClinicManagement.EFCorePersistence.csproj", "{CA4AA60F-B831-4410-A129-32E8263EA649}"
EndProject
Project("{FAE04EC0-301F-11D3-BF4B-00C04F79EFBC}") = "DigiDent.ClinicManagement.Infrastructure", "src\Modules\ClinicManagement\DigiDent.ClinicManagement.Infrastructure\DigiDent.ClinicManagement.Infrastructure.csproj", "{7312C603-2E2D-4009-A70E-056F052BF63E}"
EndProject
Project("{FAE04EC0-301F-11D3-BF4B-00C04F79EFBC}") = "DigiDent.ClinicManagement.Application", "src\Modules\ClinicManagement\DigiDent.ClinicManagement.Application\DigiDent.ClinicManagement.Application.csproj", "{E6FDFAD6-4D32-4BDE-A617-253B8ADCFB99}"
EndProject
Project("{FAE04EC0-301F-11D3-BF4B-00C04F79EFBC}") = "DigiDent.ClinicManagement.API", "src\Modules\ClinicManagement\DigiDent.ClinicManagement.API\DigiDent.ClinicManagement.API.csproj", "{F89D940D-B54C-4D11-8CAB-E65B5DE7D4FB}"
EndProject
Project("{2150E333-8FDC-42A3-9474-1A3956D46DE8}") = "Tests", "Tests", "{699DCBB6-F095-4528-9C07-903B03B7F731}"
EndProject
Project("{2150E333-8FDC-42A3-9474-1A3956D46DE8}") = "Tests", "Tests", "{2661C20E-EA41-459A-807A-14A3BAB526B6}"
EndProject
Project("{2150E333-8FDC-42A3-9474-1A3956D46DE8}") = "UnitTests", "UnitTests", "{5420C2FC-3953-4FE5-B16D-71074F796E39}"
EndProject
Project("{2150E333-8FDC-42A3-9474-1A3956D46DE8}") = "UnitTests", "UnitTests", "{AF42AAA2-FCC3-4576-8626-F3A1E32EE8F3}"
EndProject
Project("{2150E333-8FDC-42A3-9474-1A3956D46DE8}") = "Shared", "Shared", "{24299D1C-C877-4E96-B911-881CCFDC22CE}"
EndProject
Project("{FAE04EC0-301F-11D3-BF4B-00C04F79EFBC}") = "DigiDent.Shared.Domain", "src\Shared\DigiDent.Shared.Domain\DigiDent.Shared.Domain.csproj", "{85112B40-0AA2-4416-B20D-CACD4B25D784}"
EndProject
Project("{FAE04EC0-301F-11D3-BF4B-00C04F79EFBC}") = "DigiDent.Shared.EFCorePersistence", "src\Shared\DigiDent.Shared.EFCorePersistence\DigiDent.Shared.EFCorePersistence.csproj", "{D6678BD6-DCC8-44EA-949D-A57C71D7AE91}"
EndProject
Project("{FAE04EC0-301F-11D3-BF4B-00C04F79EFBC}") = "DigiDent.Shared.Application", "src\Shared\DigiDent.Shared.Application\DigiDent.Shared.Application.csproj", "{90086FA8-C981-4413-8E72-383EE217C377}"
EndProject
Project("{FAE04EC0-301F-11D3-BF4B-00C04F79EFBC}") = "DigiDent.Shared.Infrastructure", "src\Shared\DigiDent.Shared.Infrastructure\DigiDent.Shared.Infrastructure.csproj", "{A0F0B57D-5F3E-4867-91E4-008D419B8D06}"
EndProject
Project("{FAE04EC0-301F-11D3-BF4B-00C04F79EFBC}") = "DigiDent.ClinicManagement.UnitTests.Domain", "src\Modules\ClinicManagement\Tests\UnitTests\DigiDent.ClinicManagement.UnitTests.Domain\DigiDent.ClinicManagement.UnitTests.Domain.csproj", "{23BC6179-C636-460D-B814-68F07BB512EE}"
EndProject
Project("{FAE04EC0-301F-11D3-BF4B-00C04F79EFBC}") = "DigiDent.UserAccess.UnitTests.Domain", "src\Modules\UserAccess\Tests\UnitTests\DigiDent.UserAccess.UnitTests.Domain\DigiDent.UserAccess.UnitTests.Domain.csproj", "{6DAF8841-FC95-423E-B32E-67F38F078BC9}"
EndProject
Project("{2150E333-8FDC-42A3-9474-1A3956D46DE8}") = "Tests", "Tests", "{08BD4E9D-01CA-436C-9D41-197D64B2118F}"
EndProject
Project("{2150E333-8FDC-42A3-9474-1A3956D46DE8}") = "UnitTests", "UnitTests", "{FA51E30B-88F5-47BE-9DB2-31FF323D6D64}"
EndProject
Project("{FAE04EC0-301F-11D3-BF4B-00C04F79EFBC}") = "DigiDent.Shared.UnitTests.Domain", "src\Shared\Tests\UnitTests\DigiDent.Shared.UnitTests.Domain\DigiDent.Shared.UnitTests.Domain.csproj", "{5B2A9AA2-120F-48AE-A9A1-3B37EBBBBB06}"
EndProject
Project("{FAE04EC0-301F-11D3-BF4B-00C04F79EFBC}") = "DigiDent.Notification.Application", "src\Modules\Notification\DigiDent.Notification.Application\DigiDent.Notification.Application.csproj", "{0C4B69DE-C6C9-4275-9B07-4C40A1402836}"
EndProject
Project("{FAE04EC0-301F-11D3-BF4B-00C04F79EFBC}") = "DigiDent.Notification.Infrastructure", "src\Modules\Notification\DigiDent.Notification.Infrastructure\DigiDent.Notification.Infrastructure.csproj", "{8BEBA3BF-C250-413E-ABFF-8B96EFE631B8}"
EndProject
Project("{FAE04EC0-301F-11D3-BF4B-00C04F79EFBC}") = "DigiDent.BootstrapperAPI", "src\DigiDent.BootstrapperAPI\DigiDent.BootstrapperAPI.csproj", "{1BF97C56-8887-4C0C-B1AE-C91ADFF078BA}"
EndProject
Global
	GlobalSection(SolutionConfigurationPlatforms) = preSolution
		Debug|Any CPU = Debug|Any CPU
		Release|Any CPU = Release|Any CPU
	EndGlobalSection
	GlobalSection(ProjectConfigurationPlatforms) = postSolution
		{92690A24-68E2-4D0F-913E-F96439D2BFCC}.Debug|Any CPU.ActiveCfg = Debug|Any CPU
		{92690A24-68E2-4D0F-913E-F96439D2BFCC}.Debug|Any CPU.Build.0 = Debug|Any CPU
		{92690A24-68E2-4D0F-913E-F96439D2BFCC}.Release|Any CPU.ActiveCfg = Release|Any CPU
		{92690A24-68E2-4D0F-913E-F96439D2BFCC}.Release|Any CPU.Build.0 = Release|Any CPU
		{5B5FA28B-AE1B-49CD-A094-9199DE5908F2}.Debug|Any CPU.ActiveCfg = Debug|Any CPU
		{5B5FA28B-AE1B-49CD-A094-9199DE5908F2}.Debug|Any CPU.Build.0 = Debug|Any CPU
		{5B5FA28B-AE1B-49CD-A094-9199DE5908F2}.Release|Any CPU.ActiveCfg = Release|Any CPU
		{5B5FA28B-AE1B-49CD-A094-9199DE5908F2}.Release|Any CPU.Build.0 = Release|Any CPU
		{F0F87DBA-B951-49A0-AC73-2B8F5C9E80B6}.Debug|Any CPU.ActiveCfg = Debug|Any CPU
		{F0F87DBA-B951-49A0-AC73-2B8F5C9E80B6}.Debug|Any CPU.Build.0 = Debug|Any CPU
		{F0F87DBA-B951-49A0-AC73-2B8F5C9E80B6}.Release|Any CPU.ActiveCfg = Release|Any CPU
		{F0F87DBA-B951-49A0-AC73-2B8F5C9E80B6}.Release|Any CPU.Build.0 = Release|Any CPU
		{CEE34781-BCB6-412E-BCE9-B393BFA27E64}.Debug|Any CPU.ActiveCfg = Debug|Any CPU
		{CEE34781-BCB6-412E-BCE9-B393BFA27E64}.Debug|Any CPU.Build.0 = Debug|Any CPU
		{CEE34781-BCB6-412E-BCE9-B393BFA27E64}.Release|Any CPU.ActiveCfg = Release|Any CPU
		{CEE34781-BCB6-412E-BCE9-B393BFA27E64}.Release|Any CPU.Build.0 = Release|Any CPU
		{6647C443-A078-441A-BA34-48E7581D48A6}.Debug|Any CPU.ActiveCfg = Debug|Any CPU
		{6647C443-A078-441A-BA34-48E7581D48A6}.Debug|Any CPU.Build.0 = Debug|Any CPU
		{6647C443-A078-441A-BA34-48E7581D48A6}.Release|Any CPU.ActiveCfg = Release|Any CPU
		{6647C443-A078-441A-BA34-48E7581D48A6}.Release|Any CPU.Build.0 = Release|Any CPU
		{4FB757FB-0B13-496B-9684-6E3D59AD92C1}.Debug|Any CPU.ActiveCfg = Debug|Any CPU
		{4FB757FB-0B13-496B-9684-6E3D59AD92C1}.Debug|Any CPU.Build.0 = Debug|Any CPU
		{4FB757FB-0B13-496B-9684-6E3D59AD92C1}.Release|Any CPU.ActiveCfg = Release|Any CPU
		{4FB757FB-0B13-496B-9684-6E3D59AD92C1}.Release|Any CPU.Build.0 = Release|Any CPU
		{778CBBF1-9454-4898-9E5E-C2E2DB48CA80}.Debug|Any CPU.ActiveCfg = Debug|Any CPU
		{778CBBF1-9454-4898-9E5E-C2E2DB48CA80}.Debug|Any CPU.Build.0 = Debug|Any CPU
		{778CBBF1-9454-4898-9E5E-C2E2DB48CA80}.Release|Any CPU.ActiveCfg = Release|Any CPU
		{778CBBF1-9454-4898-9E5E-C2E2DB48CA80}.Release|Any CPU.Build.0 = Release|Any CPU
		{CA4AA60F-B831-4410-A129-32E8263EA649}.Debug|Any CPU.ActiveCfg = Debug|Any CPU
		{CA4AA60F-B831-4410-A129-32E8263EA649}.Debug|Any CPU.Build.0 = Debug|Any CPU
		{CA4AA60F-B831-4410-A129-32E8263EA649}.Release|Any CPU.ActiveCfg = Release|Any CPU
		{CA4AA60F-B831-4410-A129-32E8263EA649}.Release|Any CPU.Build.0 = Release|Any CPU
		{7312C603-2E2D-4009-A70E-056F052BF63E}.Debug|Any CPU.ActiveCfg = Debug|Any CPU
		{7312C603-2E2D-4009-A70E-056F052BF63E}.Debug|Any CPU.Build.0 = Debug|Any CPU
		{7312C603-2E2D-4009-A70E-056F052BF63E}.Release|Any CPU.ActiveCfg = Release|Any CPU
		{7312C603-2E2D-4009-A70E-056F052BF63E}.Release|Any CPU.Build.0 = Release|Any CPU
		{E6FDFAD6-4D32-4BDE-A617-253B8ADCFB99}.Debug|Any CPU.ActiveCfg = Debug|Any CPU
		{E6FDFAD6-4D32-4BDE-A617-253B8ADCFB99}.Debug|Any CPU.Build.0 = Debug|Any CPU
		{E6FDFAD6-4D32-4BDE-A617-253B8ADCFB99}.Release|Any CPU.ActiveCfg = Release|Any CPU
		{E6FDFAD6-4D32-4BDE-A617-253B8ADCFB99}.Release|Any CPU.Build.0 = Release|Any CPU
		{F89D940D-B54C-4D11-8CAB-E65B5DE7D4FB}.Debug|Any CPU.ActiveCfg = Debug|Any CPU
		{F89D940D-B54C-4D11-8CAB-E65B5DE7D4FB}.Debug|Any CPU.Build.0 = Debug|Any CPU
		{F89D940D-B54C-4D11-8CAB-E65B5DE7D4FB}.Release|Any CPU.ActiveCfg = Release|Any CPU
		{F89D940D-B54C-4D11-8CAB-E65B5DE7D4FB}.Release|Any CPU.Build.0 = Release|Any CPU
		{85112B40-0AA2-4416-B20D-CACD4B25D784}.Debug|Any CPU.ActiveCfg = Debug|Any CPU
		{85112B40-0AA2-4416-B20D-CACD4B25D784}.Debug|Any CPU.Build.0 = Debug|Any CPU
		{85112B40-0AA2-4416-B20D-CACD4B25D784}.Release|Any CPU.ActiveCfg = Release|Any CPU
		{85112B40-0AA2-4416-B20D-CACD4B25D784}.Release|Any CPU.Build.0 = Release|Any CPU
		{D6678BD6-DCC8-44EA-949D-A57C71D7AE91}.Debug|Any CPU.ActiveCfg = Debug|Any CPU
		{D6678BD6-DCC8-44EA-949D-A57C71D7AE91}.Debug|Any CPU.Build.0 = Debug|Any CPU
		{D6678BD6-DCC8-44EA-949D-A57C71D7AE91}.Release|Any CPU.ActiveCfg = Release|Any CPU
		{D6678BD6-DCC8-44EA-949D-A57C71D7AE91}.Release|Any CPU.Build.0 = Release|Any CPU
		{90086FA8-C981-4413-8E72-383EE217C377}.Debug|Any CPU.ActiveCfg = Debug|Any CPU
		{90086FA8-C981-4413-8E72-383EE217C377}.Debug|Any CPU.Build.0 = Debug|Any CPU
		{90086FA8-C981-4413-8E72-383EE217C377}.Release|Any CPU.ActiveCfg = Release|Any CPU
		{90086FA8-C981-4413-8E72-383EE217C377}.Release|Any CPU.Build.0 = Release|Any CPU
		{A0F0B57D-5F3E-4867-91E4-008D419B8D06}.Debug|Any CPU.ActiveCfg = Debug|Any CPU
		{A0F0B57D-5F3E-4867-91E4-008D419B8D06}.Debug|Any CPU.Build.0 = Debug|Any CPU
		{A0F0B57D-5F3E-4867-91E4-008D419B8D06}.Release|Any CPU.ActiveCfg = Release|Any CPU
		{A0F0B57D-5F3E-4867-91E4-008D419B8D06}.Release|Any CPU.Build.0 = Release|Any CPU
		{23BC6179-C636-460D-B814-68F07BB512EE}.Debug|Any CPU.ActiveCfg = Debug|Any CPU
		{23BC6179-C636-460D-B814-68F07BB512EE}.Debug|Any CPU.Build.0 = Debug|Any CPU
		{23BC6179-C636-460D-B814-68F07BB512EE}.Release|Any CPU.ActiveCfg = Release|Any CPU
		{23BC6179-C636-460D-B814-68F07BB512EE}.Release|Any CPU.Build.0 = Release|Any CPU
		{6DAF8841-FC95-423E-B32E-67F38F078BC9}.Debug|Any CPU.ActiveCfg = Debug|Any CPU
		{6DAF8841-FC95-423E-B32E-67F38F078BC9}.Debug|Any CPU.Build.0 = Debug|Any CPU
		{6DAF8841-FC95-423E-B32E-67F38F078BC9}.Release|Any CPU.ActiveCfg = Release|Any CPU
		{6DAF8841-FC95-423E-B32E-67F38F078BC9}.Release|Any CPU.Build.0 = Release|Any CPU
		{5B2A9AA2-120F-48AE-A9A1-3B37EBBBBB06}.Debug|Any CPU.ActiveCfg = Debug|Any CPU
		{5B2A9AA2-120F-48AE-A9A1-3B37EBBBBB06}.Debug|Any CPU.Build.0 = Debug|Any CPU
		{5B2A9AA2-120F-48AE-A9A1-3B37EBBBBB06}.Release|Any CPU.ActiveCfg = Release|Any CPU
		{5B2A9AA2-120F-48AE-A9A1-3B37EBBBBB06}.Release|Any CPU.Build.0 = Release|Any CPU
		{0C4B69DE-C6C9-4275-9B07-4C40A1402836}.Debug|Any CPU.ActiveCfg = Debug|Any CPU
		{0C4B69DE-C6C9-4275-9B07-4C40A1402836}.Debug|Any CPU.Build.0 = Debug|Any CPU
		{0C4B69DE-C6C9-4275-9B07-4C40A1402836}.Release|Any CPU.ActiveCfg = Release|Any CPU
		{0C4B69DE-C6C9-4275-9B07-4C40A1402836}.Release|Any CPU.Build.0 = Release|Any CPU
		{8BEBA3BF-C250-413E-ABFF-8B96EFE631B8}.Debug|Any CPU.ActiveCfg = Debug|Any CPU
		{8BEBA3BF-C250-413E-ABFF-8B96EFE631B8}.Debug|Any CPU.Build.0 = Debug|Any CPU
		{8BEBA3BF-C250-413E-ABFF-8B96EFE631B8}.Release|Any CPU.ActiveCfg = Release|Any CPU
		{8BEBA3BF-C250-413E-ABFF-8B96EFE631B8}.Release|Any CPU.Build.0 = Release|Any CPU
		{1BF97C56-8887-4C0C-B1AE-C91ADFF078BA}.Debug|Any CPU.ActiveCfg = Debug|Any CPU
		{1BF97C56-8887-4C0C-B1AE-C91ADFF078BA}.Debug|Any CPU.Build.0 = Debug|Any CPU
		{1BF97C56-8887-4C0C-B1AE-C91ADFF078BA}.Release|Any CPU.ActiveCfg = Release|Any CPU
		{1BF97C56-8887-4C0C-B1AE-C91ADFF078BA}.Release|Any CPU.Build.0 = Release|Any CPU
	EndGlobalSection
	GlobalSection(NestedProjects) = preSolution
		{92690A24-68E2-4D0F-913E-F96439D2BFCC} = {43DDE790-80D7-47C5-873E-1BCF314FC413}
		{D5B03DDA-32F6-4D8B-9F12-F680C2C4101C} = {43DDE790-80D7-47C5-873E-1BCF314FC413}
		{169B76D3-6E78-44D8-957B-2BDA009C9299} = {D5B03DDA-32F6-4D8B-9F12-F680C2C4101C}
		{A600FED4-EDE7-47B3-AC8A-DAD8A7B4B17E} = {D5B03DDA-32F6-4D8B-9F12-F680C2C4101C}
		{84BEDFF9-47D9-4923-8CF4-8DB50EAEE46E} = {D5B03DDA-32F6-4D8B-9F12-F680C2C4101C}
		{5B5FA28B-AE1B-49CD-A094-9199DE5908F2} = {169B76D3-6E78-44D8-957B-2BDA009C9299}
		{F0F87DBA-B951-49A0-AC73-2B8F5C9E80B6} = {169B76D3-6E78-44D8-957B-2BDA009C9299}
		{CEE34781-BCB6-412E-BCE9-B393BFA27E64} = {169B76D3-6E78-44D8-957B-2BDA009C9299}
		{6647C443-A078-441A-BA34-48E7581D48A6} = {169B76D3-6E78-44D8-957B-2BDA009C9299}
		{4FB757FB-0B13-496B-9684-6E3D59AD92C1} = {169B76D3-6E78-44D8-957B-2BDA009C9299}
		{778CBBF1-9454-4898-9E5E-C2E2DB48CA80} = {A600FED4-EDE7-47B3-AC8A-DAD8A7B4B17E}
		{CA4AA60F-B831-4410-A129-32E8263EA649} = {A600FED4-EDE7-47B3-AC8A-DAD8A7B4B17E}
		{7312C603-2E2D-4009-A70E-056F052BF63E} = {A600FED4-EDE7-47B3-AC8A-DAD8A7B4B17E}
		{E6FDFAD6-4D32-4BDE-A617-253B8ADCFB99} = {A600FED4-EDE7-47B3-AC8A-DAD8A7B4B17E}
		{F89D940D-B54C-4D11-8CAB-E65B5DE7D4FB} = {A600FED4-EDE7-47B3-AC8A-DAD8A7B4B17E}
		{699DCBB6-F095-4528-9C07-903B03B7F731} = {A600FED4-EDE7-47B3-AC8A-DAD8A7B4B17E}
		{2661C20E-EA41-459A-807A-14A3BAB526B6} = {169B76D3-6E78-44D8-957B-2BDA009C9299}
		{5420C2FC-3953-4FE5-B16D-71074F796E39} = {699DCBB6-F095-4528-9C07-903B03B7F731}
		{AF42AAA2-FCC3-4576-8626-F3A1E32EE8F3} = {2661C20E-EA41-459A-807A-14A3BAB526B6}
		{24299D1C-C877-4E96-B911-881CCFDC22CE} = {43DDE790-80D7-47C5-873E-1BCF314FC413}
		{85112B40-0AA2-4416-B20D-CACD4B25D784} = {24299D1C-C877-4E96-B911-881CCFDC22CE}
		{D6678BD6-DCC8-44EA-949D-A57C71D7AE91} = {24299D1C-C877-4E96-B911-881CCFDC22CE}
		{90086FA8-C981-4413-8E72-383EE217C377} = {24299D1C-C877-4E96-B911-881CCFDC22CE}
		{A0F0B57D-5F3E-4867-91E4-008D419B8D06} = {24299D1C-C877-4E96-B911-881CCFDC22CE}
		{23BC6179-C636-460D-B814-68F07BB512EE} = {5420C2FC-3953-4FE5-B16D-71074F796E39}
		{6DAF8841-FC95-423E-B32E-67F38F078BC9} = {AF42AAA2-FCC3-4576-8626-F3A1E32EE8F3}
		{08BD4E9D-01CA-436C-9D41-197D64B2118F} = {24299D1C-C877-4E96-B911-881CCFDC22CE}
		{FA51E30B-88F5-47BE-9DB2-31FF323D6D64} = {08BD4E9D-01CA-436C-9D41-197D64B2118F}
		{5B2A9AA2-120F-48AE-A9A1-3B37EBBBBB06} = {FA51E30B-88F5-47BE-9DB2-31FF323D6D64}
		{0C4B69DE-C6C9-4275-9B07-4C40A1402836} = {84BEDFF9-47D9-4923-8CF4-8DB50EAEE46E}
		{8BEBA3BF-C250-413E-ABFF-8B96EFE631B8} = {84BEDFF9-47D9-4923-8CF4-8DB50EAEE46E}
		{1BF97C56-8887-4C0C-B1AE-C91ADFF078BA} = {43DDE790-80D7-47C5-873E-1BCF314FC413}
	EndGlobalSection
EndGlobal
